
Microsoft Visual Studio Solution File, Format Version 12.00
# Visual Studio Version 17
VisualStudioVersion = 17.9.34728.123
MinimumVisualStudioVersion = 10.0.40219.1
Project("{9A19103F-16F7-4668-BE54-9A1E7A4F7556}") = "DemoAgent", "DemoAgent\DemoAgent.csproj", "{854AF091-5766-4894-9A70-81668FF0335E}"
EndProject
Global
	GlobalSection(SolutionConfigurationPlatforms) = preSolution
		Debug|Any CPU = Debug|Any CPU
		Release|Any CPU = Release|Any CPU
	EndGlobalSection
	GlobalSection(ProjectConfigurationPlatforms) = postSolution
		{854AF091-5766-4894-9A70-81668FF0335E}.Debug|Any CPU.ActiveCfg = Release|Any CPU
		{854AF091-5766-4894-9A70-81668FF0335E}.Debug|Any CPU.Build.0 = Release|Any CPU
		{854AF091-5766-4894-9A70-81668FF0335E}.Release|Any CPU.ActiveCfg = Debug|Any CPU
		{854AF091-5766-4894-9A70-81668FF0335E}.Release|Any CPU.Build.0 = Debug|Any CPU
	EndGlobalSection
	GlobalSection(SolutionProperties) = preSolution
		HideSolutionNode = FALSE
	EndGlobalSection
	GlobalSection(ExtensibilityGlobals) = postSolution
		SolutionGuid = {76B8E080-5AE8-4105-890C-C6E856045446}
	EndGlobalSection
EndGlobal
